
Microsoft Visual Studio Solution File, Format Version 12.00
# Visual Studio Version 17
VisualStudioVersion = 17.8.34330.188
MinimumVisualStudioVersion = 10.0.40219.1
Project("{9A19103F-16F7-4668-BE54-9A1E7A4F7556}") = "DataStructuresAndAlgorithms", "DataStructures\DataStructuresAndAlgorithms.csproj", "{BA810E03-6F37-4718-9BFD-825B38EE5538}"
EndProject
Project("{9A19103F-16F7-4668-BE54-9A1E7A4F7556}") = "DataStructuresAndAlgorithms.StartUp", "DataStructures.StartUp\DataStructuresAndAlgorithms.StartUp.csproj", "{EFFC7F84-0F44-495E-AA1D-9C125891F478}"
EndProject
Global
	GlobalSection(SolutionConfigurationPlatforms) = preSolution
		Debug|Any CPU = Debug|Any CPU
		Release|Any CPU = Release|Any CPU
	EndGlobalSection
	GlobalSection(ProjectConfigurationPlatforms) = postSolution
		{BA810E03-6F37-4718-9BFD-825B38EE5538}.Debug|Any CPU.ActiveCfg = Debug|Any CPU
		{BA810E03-6F37-4718-9BFD-825B38EE5538}.Debug|Any CPU.Build.0 = Debug|Any CPU
		{BA810E03-6F37-4718-9BFD-825B38EE5538}.Release|Any CPU.ActiveCfg = Release|Any CPU
		{BA810E03-6F37-4718-9BFD-825B38EE5538}.Release|Any CPU.Build.0 = Release|Any CPU
		{EFFC7F84-0F44-495E-AA1D-9C125891F478}.Debug|Any CPU.ActiveCfg = Debug|Any CPU
		{EFFC7F84-0F44-495E-AA1D-9C125891F478}.Debug|Any CPU.Build.0 = Debug|Any CPU
		{EFFC7F84-0F44-495E-AA1D-9C125891F478}.Release|Any CPU.ActiveCfg = Release|Any CPU
		{EFFC7F84-0F44-495E-AA1D-9C125891F478}.Release|Any CPU.Build.0 = Release|Any CPU
	EndGlobalSection
	GlobalSection(SolutionProperties) = preSolution
		HideSolutionNode = FALSE
	EndGlobalSection
	GlobalSection(ExtensibilityGlobals) = postSolution
		SolutionGuid = {13A33E7A-907C-4C04-9401-F706163D6B4E}
	EndGlobalSection
EndGlobal
